{
    "_readme": [
        "This file locks the dependencies of your project to a known state",
        "Read more about it at https://getcomposer.org/doc/01-basic-usage.md#installing-dependencies",
        "This file is @generated automatically"
    ],
    "content-hash": "7ec775eec1f9bd885db58995b54ee793",
    "packages": [
        {
            "name": "sdotb/tad-core",
            "version": "0.5.2",
            "source": {
                "type": "git",
                "url": "https://github.com/sdotb/tad-core.git",
                "reference": "6291f001ba6f79383ed618975e36b9281b1efe41"
            },
            "dist": {
                "type": "zip",
                "url": "https://api.github.com/repos/sdotb/tad-core/zipball/6291f001ba6f79383ed618975e36b9281b1efe41",
                "reference": "6291f001ba6f79383ed618975e36b9281b1efe41",
                "shasum": ""
            },
            "require": {
                "php": "^7.3",
                "sdotb/utils": "^1.0"
            },
            "type": "library",
            "autoload": {
                "psr-4": {
                    "SdotB\\TADCore\\": "src/TADCore"
                }
            },
            "notification-url": "https://packagist.org/downloads/",
            "license": [
                "AGPL-3.0-or-later"
            ],
            "authors": [
                {
                    "name": "Stefano Bertoli",
                    "email": "s.bertoli@ictec.it"
                }
            ],
            "description": "TAD Backend implementation",
            "time": "2020-01-30T02:23:23+00:00"
        },
        {
            "name": "sdotb/utils",
            "version": "1.1.0",
            "source": {
                "type": "git",
                "url": "https://github.com/sdotb/utils.git",
                "reference": "121844da1ea21b5707483fd9dd261558a95359e9"
            },
            "dist": {
                "type": "zip",
                "url": "https://api.github.com/repos/sdotb/utils/zipball/121844da1ea21b5707483fd9dd261558a95359e9",
                "reference": "121844da1ea21b5707483fd9dd261558a95359e9",
                "shasum": ""
            },
            "require": {
                "php": "^7.3"
            },
            "type": "library",
            "autoload": {
                "psr-4": {
                    "SdotB\\Utils\\": "src/Utils"
                }
            },
            "notification-url": "https://packagist.org/downloads/",
            "license": [
                "MIT"
            ],
            "authors": [
                {
                    "name": "Stefano Bertoli",
                    "email": "s.bertoli@ictec.it"
                }
            ],
            "description": "Utils for projects",
            "time": "2019-12-02T17:44:34+00:00"
        }
    ],
    "packages-dev": [],
    "aliases": [],
    "minimum-stability": "stable",
    "stability-flags": [],
    "prefer-stable": false,
    "prefer-lowest": false,
    "platform": [],
    "platform-dev": []
}
